// !$*UTF8*$!
{
	archiveVersion = 1;
	classes = {
	};
	objectVersion = 46;
	objects = {

/* Begin PBXBuildFile section */
		B6EBCC8F15AE60A6000C61C2 /* UIKit.framework in Frameworks */ = {isa = PBXBuildFile; fileRef = B6EBCC8E15AE60A6000C61C2 /* UIKit.framework */; };
		B6EBCC9115AE60A6000C61C2 /* Foundation.framework in Frameworks */ = {isa = PBXBuildFile; fileRef = B6EBCC9015AE60A6000C61C2 /* Foundation.framework */; };
		B6EBCC9315AE60A6000C61C2 /* CoreGraphics.framework in Frameworks */ = {isa = PBXBuildFile; fileRef = B6EBCC9215AE60A6000C61C2 /* CoreGraphics.framework */; };
		B6EBCC9915AE60A6000C61C2 /* InfoPlist.strings in Resources */ = {isa = PBXBuildFile; fileRef = B6EBCC9715AE60A6000C61C2 /* InfoPlist.strings */; };
		B6EBCC9B15AE60A6000C61C2 /* main.m in Sources */ = {isa = PBXBuildFile; fileRef = B6EBCC9A15AE60A6000C61C2 /* main.m */; };
		B6EBCC9F15AE60A6000C61C2 /* AppDelegate.m in Sources */ = {isa = PBXBuildFile; fileRef = B6EBCC9E15AE60A6000C61C2 /* AppDelegate.m */; };
		B6EBCCA215AE60A6000C61C2 /* MainStoryboard.storyboard in Resources */ = {isa = PBXBuildFile; fileRef = B6EBCCA015AE60A6000C61C2 /* MainStoryboard.storyboard */; };
		B6EBCCB015AE7E9A000C61C2 /* ViewController.m in Sources */ = {isa = PBXBuildFile; fileRef = B6EBCCAF15AE7E9A000C61C2 /* ViewController.m */; };
/* End PBXBuildFile section */

/* Begin PBXFileReference section */
		B6EBCC8A15AE60A6000C61C2 /* SampleStatusBar.app */ = {isa = PBXFileReference; explicitFileType = wrapper.application; includeInIndex = 0; path = SampleStatusBar.app; sourceTree = BUILT_PRODUCTS_DIR; };
		B6EBCC8E15AE60A6000C61C2 /* UIKit.framework */ = {isa = PBXFileReference; lastKnownFileType = wrapper.framework; name = UIKit.framework; path = System/Library/Frameworks/UIKit.framework; sourceTree = SDKROOT; };
		B6EBCC9015AE60A6000C61C2 /* Foundation.framework */ = {isa = PBXFileReference; lastKnownFileType = wrapper.framework; name = Foundation.framework; path = System/Library/Frameworks/Foundation.framework; sourceTree = SDKROOT; };
		B6EBCC9215AE60A6000C61C2 /* CoreGraphics.framework */ = {isa = PBXFileReference; lastKnownFileType = wrapper.framework; name = CoreGraphics.framework; path = System/Library/Frameworks/CoreGraphics.framework; sourceTree = SDKROOT; };
		B6EBCC9615AE60A6000C61C2 /* SampleStatusBar-Info.plist */ = {isa = PBXFileReference; lastKnownFileType = text.plist.xml; path = "SampleStatusBar-Info.plist"; sourceTree = "<group>"; };
		B6EBCC9815AE60A6000C61C2 /* en */ = {isa = PBXFileReference; lastKnownFileType = text.plist.strings; name = en; path = en.lproj/InfoPlist.strings; sourceTree = "<group>"; };
		B6EBCC9A15AE60A6000C61C2 /* main.m */ = {isa = PBXFileReference; lastKnownFileType = sourcecode.c.objc; path = main.m; sourceTree = "<group>"; };
		B6EBCC9C15AE60A6000C61C2 /* SampleStatusBar-Prefix.pch */ = {isa = PBXFileReference; lastKnownFileType = sourcecode.c.h; path = "SampleStatusBar-Prefix.pch"; sourceTree = "<group>"; };
		B6EBCC9D15AE60A6000C61C2 /* AppDelegate.h */ = {isa = PBXFileReference; lastKnownFileType = sourcecode.c.h; path = AppDelegate.h; sourceTree = "<group>"; };
		B6EBCC9E15AE60A6000C61C2 /* AppDelegate.m */ = {isa = PBXFileReference; lastKnownFileType = sourcecode.c.objc; path = AppDelegate.m; sourceTree = "<group>"; };
		B6EBCCA115AE60A6000C61C2 /* en */ = {isa = PBXFileReference; lastKnownFileType = file.storyboard; name = en; path = en.lproj/MainStoryboard.storyboard; sourceTree = "<group>"; };
		B6EBCCAE15AE7E9A000C61C2 /* ViewController.h */ = {isa = PBXFileReference; fileEncoding = 4; lastKnownFileType = sourcecode.c.h; path = ViewController.h; sourceTree = "<group>"; };
		B6EBCCAF15AE7E9A000C61C2 /* ViewController.m */ = {isa = PBXFileReference; fileEncoding = 4; lastKnownFileType = sourcecode.c.objc; path = ViewController.m; sourceTree = "<group>"; };
/* End PBXFileReference section */

/* Begin PBXFrameworksBuildPhase section */
		B6EBCC8715AE60A6000C61C2 /* Frameworks */ = {
			isa = PBXFrameworksBuildPhase;
			buildActionMask = 2147483647;
			files = (
				B6EBCC8F15AE60A6000C61C2 /* UIKit.framework in Frameworks */,
				B6EBCC9115AE60A6000C61C2 /* Foundation.framework in Frameworks */,
				B6EBCC9315AE60A6000C61C2 /* CoreGraphics.framework in Frameworks */,
			);
			runOnlyForDeploymentPostprocessing = 0;
		};
/* End PBXFrameworksBuildPhase section */

/* Begin PBXGroup section */
		B6EBCC7F15AE60A6000C61C2 = {
			isa = PBXGroup;
			children = (
				B6EBCC9415AE60A6000C61C2 /* SampleStatusBar */,
				B6EBCC8D15AE60A6000C61C2 /* Frameworks */,
				B6EBCC8B15AE60A6000C61C2 /* Products */,
			);
			sourceTree = "<group>";
		};
		B6EBCC8B15AE60A6000C61C2 /* Products */ = {
			isa = PBXGroup;
			children = (
				B6EBCC8A15AE60A6000C61C2 /* SampleStatusBar.app */,
			);
			name = Products;
			sourceTree = "<group>";
		};
		B6EBCC8D15AE60A6000C61C2 /* Frameworks */ = {
			isa = PBXGroup;
			children = (
				B6EBCC8E15AE60A6000C61C2 /* UIKit.framework */,
				B6EBCC9015AE60A6000C61C2 /* Foundation.framework */,
				B6EBCC9215AE60A6000C61C2 /* CoreGraphics.framework */,
			);
			name = Frameworks;
			sourceTree = "<group>";
		};
		B6EBCC9415AE60A6000C61C2 /* SampleStatusBar */ = {
			isa = PBXGroup;
			children = (
				B6EBCC9D15AE60A6000C61C2 /* AppDelegate.h */,
				B6EBCC9E15AE60A6000C61C2 /* AppDelegate.m */,
				B6EBCCA015AE60A6000C61C2 /* MainStoryboard.storyboard */,
				B6EBCC9515AE60A6000C61C2 /* Supporting Files */,
				B6EBCCAE15AE7E9A000C61C2 /* ViewController.h */,
				B6EBCCAF15AE7E9A000C61C2 /* ViewController.m */,
			);
			path = SampleStatusBar;
			sourceTree = "<group>";
		};
		B6EBCC9515AE60A6000C61C2 /* Supporting Files */ = {
			isa = PBXGroup;
			children = (
				B6EBCC9615AE60A6000C61C2 /* SampleStatusBar-Info.plist */,
				B6EBCC9715AE60A6000C61C2 /* InfoPlist.strings */,
				B6EBCC9A15AE60A6000C61C2 /* main.m */,
				B6EBCC9C15AE60A6000C61C2 /* SampleStatusBar-Prefix.pch */,
			);
			name = "Supporting Files";
			sourceTree = "<group>";
		};
/* End PBXGroup section */

/* Begin PBXNativeTarget section */
		B6EBCC8915AE60A6000C61C2 /* SampleStatusBar */ = {
			isa = PBXNativeTarget;
			buildConfigurationList = B6EBCCAB15AE60A6000C61C2 /* Build configuration list for PBXNativeTarget "SampleStatusBar" */;
			buildPhases = (
				B6EBCC8615AE60A6000C61C2 /* Sources */,
				B6EBCC8715AE60A6000C61C2 /* Frameworks */,
				B6EBCC8815AE60A6000C61C2 /* Resources */,
			);
			buildRules = (
			);
			dependencies = (
			);
			name = SampleStatusBar;
			productName = SampleStatusBar;
			productReference = B6EBCC8A15AE60A6000C61C2 /* SampleStatusBar.app */;
			productType = "com.apple.product-type.application";
		};
/* End PBXNativeTarget section */

/* Begin PBXProject section */
		B6EBCC8115AE60A6000C61C2 /* Project object */ = {
			isa = PBXProject;
			attributes = {
				LastUpgradeCheck = 0430;
			};
			buildConfigurationList = B6EBCC8415AE60A6000C61C2 /* Build configuration list for PBXProject "SampleStatusBar" */;
			compatibilityVersion = "Xcode 3.2";
			developmentRegion = English;
			hasScannedForEncodings = 0;
			knownRegions = (
				en,
			);
			mainGroup = B6EBCC7F15AE60A6000C61C2;
			productRefGroup = B6EBCC8B15AE60A6000C61C2 /* Products */;
			projectDirPath = "";
			projectRoot = "";
			targets = (
				B6EBCC8915AE60A6000C61C2 /* SampleStatusBar */,
			);
		};
/* End PBXProject section */

/* Begin PBXResourcesBuildPhase section */
		B6EBCC8815AE60A6000C61C2 /* Resources */ = {
			isa = PBXResourcesBuildPhase;
			buildActionMask = 2147483647;
			files = (
				B6EBCC9915AE60A6000C61C2 /* InfoPlist.strings in Resources */,
				B6EBCCA215AE60A6000C61C2 /* MainStoryboard.storyboard in Resources */,
			);
			runOnlyForDeploymentPostprocessing = 0;
		};
/* End PBXResourcesBuildPhase section */

/* Begin PBXSourcesBuildPhase section */
		B6EBCC8615AE60A6000C61C2 /* Sources */ = {
			isa = PBXSourcesBuildPhase;
			buildActionMask = 2147483647;
			files = (
				B6EBCC9B15AE60A6000C61C2 /* main.m in Sources */,
				B6EBCC9F15AE60A6000C61C2 /* AppDelegate.m in Sources */,
				B6EBCCB015AE7E9A000C61C2 /* ViewController.m in Sources */,
			);
			runOnlyForDeploymentPostprocessing = 0;
		};
/* End PBXSourcesBuildPhase section */

/* Begin PBXVariantGroup section */
		B6EBCC9715AE60A6000C61C2 /* InfoPlist.strings */ = {
			isa = PBXVariantGroup;
			children = (
				B6EBCC9815AE60A6000C61C2 /* en */,
			);
			name = InfoPlist.strings;
			sourceTree = "<group>";
		};
		B6EBCCA015AE60A6000C61C2 /* MainStoryboard.storyboard */ = {
			isa = PBXVariantGroup;
			children = (
				B6EBCCA115AE60A6000C61C2 /* en */,
			);
			name = MainStoryboard.storyboard;
			sourceTree = "<group>";
		};
/* End PBXVariantGroup section */

/* Begin XCBuildConfiguration section */
		B6EBCCA915AE60A6000C61C2 /* Debug */ = {
			isa = XCBuildConfiguration;
			buildSettings = {
				ALWAYS_SEARCH_USER_PATHS = NO;
				ARCHS = "$(ARCHS_STANDARD_32_BIT)";
				CLANG_ENABLE_OBJC_ARC = YES;
				"CODE_SIGN_IDENTITY[sdk=iphoneos*]" = "iPhone Developer";
				COPY_PHASE_STRIP = NO;
				GCC_C_LANGUAGE_STANDARD = gnu99;
				GCC_DYNAMIC_NO_PIC = NO;
				GCC_OPTIMIZATION_LEVEL = 0;
				GCC_PREPROCESSOR_DEFINITIONS = (
					"DEBUG=1",
					"$(inherited)",
				);
				GCC_SYMBOLS_PRIVATE_EXTERN = NO;
				GCC_VERSION = com.apple.compilers.llvm.clang.1_0;
				GCC_WARN_ABOUT_RETURN_TYPE = YES;
				GCC_WARN_UNINITIALIZED_AUTOS = YES;
				GCC_WARN_UNUSED_VARIABLE = YES;
				IPHONEOS_DEPLOYMENT_TARGET = 5.1;
				SDKROOT = iphoneos;
			};
			name = Debug;
		};
		B6EBCCAA15AE60A6000C61C2 /* Release */ = {
			isa = XCBuildConfiguration;
			buildSettings = {
				ALWAYS_SEARCH_USER_PATHS = NO;
				ARCHS = "$(ARCHS_STANDARD_32_BIT)";
				CLANG_ENABLE_OBJC_ARC = YES;
				"CODE_SIGN_IDENTITY[sdk=iphoneos*]" = "iPhone Developer";
				COPY_PHASE_STRIP = YES;
				GCC_C_LANGUAGE_STANDARD = gnu99;
				GCC_VERSION = com.apple.compilers.llvm.clang.1_0;
				GCC_WARN_ABOUT_RETURN_TYPE = YES;
				GCC_WARN_UNINITIALIZED_AUTOS = YES;
				GCC_WARN_UNUSED_VARIABLE = YES;
				IPHONEOS_DEPLOYMENT_TARGET = 5.1;
				OTHER_CFLAGS = "-DNS_BLOCK_ASSERTIONS=1";
				SDKROOT = iphoneos;
				VALIDATE_PRODUCT = YES;
			};
			name = Release;
		};
		B6EBCCAC15AE60A6000C61C2 /* Debug */ = {
			isa = XCBuildConfiguration;
			buildSettings = {
				GCC_PRECOMPILE_PREFIX_HEADER = YES;
				GCC_PREFIX_HEADER = "SampleStatusBar/SampleStatusBar-Prefix.pch";
				INFOPLIST_FILE = "SampleStatusBar/SampleStatusBar-Info.plist";
				IPHONEOS_DEPLOYMENT_TARGET = 5.0;
				PRODUCT_NAME = "$(TARGET_NAME)";
				WRAPPER_EXTENSION = app;
			};
			name = Debug;
		};
		B6EBCCAD15AE60A6000C61C2 /* Release */ = {
			isa = XCBuildConfiguration;
			buildSettings = {
				GCC_PRECOMPILE_PREFIX_HEADER = YES;
				GCC_PREFIX_HEADER = "SampleStatusBar/SampleStatusBar-Prefix.pch";
				INFOPLIST_FILE = "SampleStatusBar/SampleStatusBar-Info.plist";
				IPHONEOS_DEPLOYMENT_TARGET = 5.0;
				PRODUCT_NAME = "$(TARGET_NAME)";
				WRAPPER_EXTENSION = app;
			};
			name = Release;
		};
/* End XCBuildConfiguration section */

/* Begin XCConfigurationList section */
		B6EBCC8415AE60A6000C61C2 /* Build configuration list for PBXProject "SampleStatusBar" */ = {
			isa = XCConfigurationList;
			buildConfigurations = (
				B6EBCCA915AE60A6000C61C2 /* Debug */,
				B6EBCCAA15AE60A6000C61C2 /* Release */,
			);
			defaultConfigurationIsVisible = 0;
			defaultConfigurationName = Release;
		};
		B6EBCCAB15AE60A6000C61C2 /* Build configuration list for PBXNativeTarget "SampleStatusBar" */ = {
			isa = XCConfigurationList;
			buildConfigurations = (
				B6EBCCAC15AE60A6000C61C2 /* Debug */,
				B6EBCCAD15AE60A6000C61C2 /* Release */,
			);
			defaultConfigurationIsVisible = 0;
			defaultConfigurationName = Release;
		};
/* End XCConfigurationList section */
	};
	rootObject = B6EBCC8115AE60A6000C61C2 /* Project object */;
}
